
Microsoft Visual Studio Solution File, Format Version 12.00
# Visual Studio 15
VisualStudioVersion = 15.0.28307.902
MinimumVisualStudioVersion = 10.0.40219.1
Project("{9A19103F-16F7-4668-BE54-9A1E7A4F7556}") = "QuickBuy.Domain", "QuickBuy.Domain\QuickBuy.Domain.csproj", "{4E23BE40-D963-4382-B091-CD9D46CBD447}"
EndProject
Project("{9A19103F-16F7-4668-BE54-9A1E7A4F7556}") = "QuickBuy.Repository", "QuickBuy.Repository\QuickBuy.Repository.csproj", "{F46F0389-358B-4245-AD3C-AAAEC8F94C95}"
EndProject
Project("{FAE04EC0-301F-11D3-BF4B-00C04F79EFBC}") = "QuickBuy.Web", "QuickBuy.Web\QuickBuy.Web.csproj", "{E9A85969-5679-43A6-BEB3-B085F433C32D}"
EndProject
Global
	GlobalSection(SolutionConfigurationPlatforms) = preSolution
		Debug|Any CPU = Debug|Any CPU
		Release|Any CPU = Release|Any CPU
	EndGlobalSection
	GlobalSection(ProjectConfigurationPlatforms) = postSolution
		{4E23BE40-D963-4382-B091-CD9D46CBD447}.Debug|Any CPU.ActiveCfg = Debug|Any CPU
		{4E23BE40-D963-4382-B091-CD9D46CBD447}.Debug|Any CPU.Build.0 = Debug|Any CPU
		{4E23BE40-D963-4382-B091-CD9D46CBD447}.Release|Any CPU.ActiveCfg = Release|Any CPU
		{4E23BE40-D963-4382-B091-CD9D46CBD447}.Release|Any CPU.Build.0 = Release|Any CPU
		{F46F0389-358B-4245-AD3C-AAAEC8F94C95}.Debug|Any CPU.ActiveCfg = Debug|Any CPU
		{F46F0389-358B-4245-AD3C-AAAEC8F94C95}.Debug|Any CPU.Build.0 = Debug|Any CPU
		{F46F0389-358B-4245-AD3C-AAAEC8F94C95}.Release|Any CPU.ActiveCfg = Release|Any CPU
		{F46F0389-358B-4245-AD3C-AAAEC8F94C95}.Release|Any CPU.Build.0 = Release|Any CPU
		{E9A85969-5679-43A6-BEB3-B085F433C32D}.Debug|Any CPU.ActiveCfg = Debug|Any CPU
		{E9A85969-5679-43A6-BEB3-B085F433C32D}.Debug|Any CPU.Build.0 = Debug|Any CPU
		{E9A85969-5679-43A6-BEB3-B085F433C32D}.Release|Any CPU.ActiveCfg = Release|Any CPU
		{E9A85969-5679-43A6-BEB3-B085F433C32D}.Release|Any CPU.Build.0 = Release|Any CPU
	EndGlobalSection
	GlobalSection(SolutionProperties) = preSolution
		HideSolutionNode = FALSE
	EndGlobalSection
	GlobalSection(ExtensibilityGlobals) = postSolution
		SolutionGuid = {6E00B03D-4B11-49BD-8CC5-6CBC601E8BD6}
	EndGlobalSection
EndGlobal
